<?xml version="1.0" encoding="utf-8"?>
<Project ToolsVersion="4.0" xmlns="http://schemas.microsoft.com/developer/msbuild/2003">
  <ItemGroup>
    <Filter Include="Source">
      <UniqueIdentifier>{197b2e92-ee2a-4889-b0f4-7ec59ef569ea}</UniqueIdentifier>
    </Filter>
    <Filter Include="Source\CEngine">
      <UniqueIdentifier>{909e7f83-4640-40fa-8af6-a3c040c744cf}</UniqueIdentifier>
    </Filter>
    <Filter Include="Resources">
      <UniqueIdentifier>{6c0bc78f-7fae-41a3-9304-b731c8d602c9}</UniqueIdentifier>
    </Filter>
    <Filter Include="Resources\Dialogs">
      <UniqueIdentifier>{f085443f-e51e-4331-9e82-03433cb003d5}</UniqueIdentifier>
    </Filter>
    <Filter Include="Classes &amp; Libraries">
      <UniqueIdentifier>{0e32c65f-e78f-4f7d-aa61-87755d85120e}</UniqueIdentifier>
    </Filter>
    <Filter Include="Classes &amp; Libraries\CMathParser">
      <UniqueIdentifier>{fed5d52a-4e3e-418d-8dba-cd6125b19606}</UniqueIdentifier>
    </Filter>
    <Filter Include="Classes &amp; Libraries\NSWFL">
      <UniqueIdentifier>{e060bf91-372a-4841-853b-15ff340f7d3e}</UniqueIdentifier>
    </Filter>
    <Filter Include="Classes &amp; Libraries\CSQLBinding">
      <UniqueIdentifier>{b8c19cf2-23ea-4232-98b8-cf37c64e1e38}</UniqueIdentifier>
    </Filter>
    <Filter Include="Classes &amp; Libraries\CSocketServer">
      <UniqueIdentifier>{3ea3a2dc-1c5d-43dc-ab5a-eb33a98beaa0}</UniqueIdentifier>
    </Filter>
  </ItemGroup>
  <ItemGroup>
    <ClCompile Include="Source\Entry.Cpp">
      <Filter>Source</Filter>
    </ClCompile>
    <ClCompile Include="Source\CEngine\CDebug.Cpp">
      <Filter>Source\CEngine</Filter>
    </ClCompile>
    <ClCompile Include="Source\CEngine\CEngine.Cpp">
      <Filter>Source\CEngine</Filter>
    </ClCompile>
    <ClCompile Include="Source\CEngine\CException.Cpp">
      <Filter>Source\CEngine</Filter>
    </ClCompile>
    <ClCompile Include="Source\CEngine\CLines.Cpp">
      <Filter>Source\CEngine</Filter>
    </ClCompile>
    <ClCompile Include="Source\CEngine\CParams.Cpp">
      <Filter>Source\CEngine</Filter>
    </ClCompile>
    <ClCompile Include="Source\CEngine\CProcs.Cpp">
      <Filter>Source\CEngine</Filter>
    </ClCompile>
    <ClCompile Include="Source\CEngine\CReqParams.Cpp">
      <Filter>Source\CEngine</Filter>
    </ClCompile>
    <ClCompile Include="Source\CEngine\CScripts.Cpp">
      <Filter>Source\CEngine</Filter>
    </ClCompile>
    <ClCompile Include="Source\CEngine\CState.Cpp">
      <Filter>Source\CEngine</Filter>
    </ClCompile>
    <ClCompile Include="Source\CEngine\CVars.Cpp">
      <Filter>Source\CEngine</Filter>
    </ClCompile>
    <ClCompile Include="Dialogs\NetLogoDlg.Cpp">
      <Filter>Resources\Dialogs</Filter>
    </ClCompile>
    <ClCompile Include="Source\CEngine\Helpers.Cpp">
      <Filter>Source\CEngine</Filter>
    </ClCompile>
    <ClCompile Include="Source\CEngine\CScriptTypes.Cpp">
      <Filter>Source\CEngine</Filter>
    </ClCompile>
    <ClCompile Include="..\..\NSWFL\NSWFL_Base64.cpp">
      <Filter>Classes &amp; Libraries\NSWFL</Filter>
    </ClCompile>
    <ClCompile Include="..\..\NSWFL\NSWFL_CommandLineParser.Cpp">
      <Filter>Classes &amp; Libraries\NSWFL</Filter>
    </ClCompile>
    <ClCompile Include="..\..\NSWFL\NSWFL_Conversion.Cpp">
      <Filter>Classes &amp; Libraries\NSWFL</Filter>
    </ClCompile>
    <ClCompile Include="..\..\NSWFL\NSWFL_CRC32.Cpp">
      <Filter>Classes &amp; Libraries\NSWFL</Filter>
    </ClCompile>
    <ClCompile Include="..\..\NSWFL\NSWFL_DateTime.Cpp">
      <Filter>Classes &amp; Libraries\NSWFL</Filter>
    </ClCompile>
    <ClCompile Include="..\..\NSWFL\NSWFL_Debug.Cpp">
      <Filter>Classes &amp; Libraries\NSWFL</Filter>
    </ClCompile>
    <ClCompile Include="..\..\NSWFL\NSWFL_File.Cpp">
      <Filter>Classes &amp; Libraries\NSWFL</Filter>
    </ClCompile>
    <ClCompile Include="..\..\NSWFL\NSWFL_Graphics.Cpp">
      <Filter>Classes &amp; Libraries\NSWFL</Filter>
    </ClCompile>
    <ClCompile Include="..\..\NSWFL\NSWFL_HighPrecisionTimer.cpp">
      <Filter>Classes &amp; Libraries\NSWFL</Filter>
    </ClCompile>
    <ClCompile Include="..\..\NSWFL\NSWFL_InsecureInterface.Cpp">
      <Filter>Classes &amp; Libraries\NSWFL</Filter>
    </ClCompile>
    <ClCompile Include="..\..\NSWFL\NSWFL_IntegerStack.Cpp">
      <Filter>Classes &amp; Libraries\NSWFL</Filter>
    </ClCompile>
    <ClCompile Include="..\..\NSWFL\NSWFL_IsolationLock.cpp">
      <Filter>Classes &amp; Libraries\NSWFL</Filter>
    </ClCompile>
    <ClCompile Include="..\..\NSWFL\NSWFL_KeyGeneration.Cpp">
      <Filter>Classes &amp; Libraries\NSWFL</Filter>
    </ClCompile>
    <ClCompile Include="..\..\NSWFL\NSWFL_ListBox.Cpp">
      <Filter>Classes &amp; Libraries\NSWFL</Filter>
    </ClCompile>
    <ClCompile Include="..\..\NSWFL\NSWFL_ListView.Cpp">
      <Filter>Classes &amp; Libraries\NSWFL</Filter>
    </ClCompile>
    <ClCompile Include="..\..\NSWFL\NSWFL_Math.Cpp">
      <Filter>Classes &amp; Libraries\NSWFL</Filter>
    </ClCompile>
    <ClCompile Include="..\..\NSWFL\NSWFL_Memory.Cpp">
      <Filter>Classes &amp; Libraries\NSWFL</Filter>
    </ClCompile>
    <ClCompile Include="..\..\NSWFL\NSWFL_MemoryPool.Cpp">
      <Filter>Classes &amp; Libraries\NSWFL</Filter>
    </ClCompile>
    <ClCompile Include="..\..\NSWFL\NSWFL_Menu.Cpp">
      <Filter>Classes &amp; Libraries\NSWFL</Filter>
    </ClCompile>
    <ClCompile Include="..\..\NSWFL\NSWFL_Queue.Cpp">
      <Filter>Classes &amp; Libraries\NSWFL</Filter>
    </ClCompile>
    <ClCompile Include="..\..\NSWFL\NSWFL_Registry.Cpp">
      <Filter>Classes &amp; Libraries\NSWFL</Filter>
    </ClCompile>
    <ClCompile Include="..\..\NSWFL\NSWFL_SHA1.cpp">
      <Filter>Classes &amp; Libraries\NSWFL</Filter>
    </ClCompile>
    <ClCompile Include="..\..\NSWFL\NSWFL_Stack.cpp">
      <Filter>Classes &amp; Libraries\NSWFL</Filter>
    </ClCompile>
    <ClCompile Include="..\..\NSWFL\NSWFL_String.Cpp">
      <Filter>Classes &amp; Libraries\NSWFL</Filter>
    </ClCompile>
    <ClCompile Include="..\..\NSWFL\NSWFL_StringBuilder.Cpp">
      <Filter>Classes &amp; Libraries\NSWFL</Filter>
    </ClCompile>
    <ClCompile Include="..\..\NSWFL\NSWFL_System.Cpp">
      <Filter>Classes &amp; Libraries\NSWFL</Filter>
    </ClCompile>
    <ClCompile Include="..\..\NSWFL\NSWFL_Trace.cpp">
      <Filter>Classes &amp; Libraries\NSWFL</Filter>
    </ClCompile>
    <ClCompile Include="..\..\NSWFL\NSWFL_Types.Cpp">
      <Filter>Classes &amp; Libraries\NSWFL</Filter>
    </ClCompile>
    <ClCompile Include="..\..\NSWFL\NSWFL_UIntegerStack.Cpp">
      <Filter>Classes &amp; Libraries\NSWFL</Filter>
    </ClCompile>
    <ClCompile Include="..\..\NSWFL\NSWFL_URLEncoding.Cpp">
      <Filter>Classes &amp; Libraries\NSWFL</Filter>
    </ClCompile>
    <ClCompile Include="..\..\NSWFL\NSWFL_Windows.Cpp">
      <Filter>Classes &amp; Libraries\NSWFL</Filter>
    </ClCompile>
    <ClCompile Include="..\..\NSWFL\NSWFL_XMLReader.Cpp">
      <Filter>Classes &amp; Libraries\NSWFL</Filter>
    </ClCompile>
    <ClCompile Include="..\..\NSWFL\NSWFL_XMLWriter.Cpp">
      <Filter>Classes &amp; Libraries\NSWFL</Filter>
    </ClCompile>
    <ClCompile Include="..\..\CMathParser\CMathParser.cpp">
      <Filter>Classes &amp; Libraries\CMathParser</Filter>
    </ClCompile>
    <ClCompile Include="..\..\CSQLBinding\CBoundRecordSet.cpp">
      <Filter>Classes &amp; Libraries\CSQLBinding</Filter>
    </ClCompile>
    <ClCompile Include="..\..\CSQLBinding\CRecordSet.cpp">
      <Filter>Classes &amp; Libraries\CSQLBinding</Filter>
    </ClCompile>
    <ClCompile Include="..\..\CSQLBinding\CSQL.cpp">
      <Filter>Classes &amp; Libraries\CSQLBinding</Filter>
    </ClCompile>
    <ClCompile Include="..\..\CSQLBinding\CSQLEncapsulation.cpp">
      <Filter>Classes &amp; Libraries\CSQLBinding</Filter>
    </ClCompile>
    <ClCompile Include="..\..\CSQLBinding\CSQLValue.cpp">
      <Filter>Classes &amp; Libraries\CSQLBinding</Filter>
    </ClCompile>
    <ClCompile Include="..\..\CSocketServer\CSocketServer.Cpp">
      <Filter>Classes &amp; Libraries\CSocketServer</Filter>
    </ClCompile>
    <ClCompile Include="..\..\CSocketServer\CSocketServer_Accept.Cpp">
      <Filter>Classes &amp; Libraries\CSocketServer</Filter>
    </ClCompile>
    <ClCompile Include="..\..\CSocketServer\CSocketServer_ClassProperties.Cpp">
      <Filter>Classes &amp; Libraries\CSocketServer</Filter>
    </ClCompile>
    <ClCompile Include="..\..\CSocketServer\CSocketServer_ClientProperties.Cpp">
      <Filter>Classes &amp; Libraries\CSocketServer</Filter>
    </ClCompile>
    <ClCompile Include="..\..\CSocketServer\CSocketServer_ClientThread.Cpp">
      <Filter>Classes &amp; Libraries\CSocketServer</Filter>
    </ClCompile>
    <ClCompile Include="..\..\CSocketServer\CSocketServer_Command.Cpp">
      <Filter>Classes &amp; Libraries\CSocketServer</Filter>
    </ClCompile>
    <ClCompile Include="..\..\CSocketServer\CSocketServer_Connect.Cpp">
      <Filter>Classes &amp; Libraries\CSocketServer</Filter>
    </ClCompile>
    <ClCompile Include="..\..\CSocketServer\CSocketServer_Events.Cpp">
      <Filter>Classes &amp; Libraries\CSocketServer</Filter>
    </ClCompile>
    <ClCompile Include="..\..\CSocketServer\CSocketServer_Initialize.Cpp">
      <Filter>Classes &amp; Libraries\CSocketServer</Filter>
    </ClCompile>
    <ClCompile Include="..\..\CSocketServer\CSocketServer_Internal.Cpp">
      <Filter>Classes &amp; Libraries\CSocketServer</Filter>
    </ClCompile>
    <ClCompile Include="..\..\CSocketServer\CSocketServer_Locks.Cpp">
      <Filter>Classes &amp; Libraries\CSocketServer</Filter>
    </ClCompile>
    <ClCompile Include="..\..\CSocketServer\CSocketServer_Memory.Cpp">
      <Filter>Classes &amp; Libraries\CSocketServer</Filter>
    </ClCompile>
    <ClCompile Include="..\..\CSocketServer\CSocketServer_Packetize.Cpp">
      <Filter>Classes &amp; Libraries\CSocketServer</Filter>
    </ClCompile>
    <ClCompile Include="..\..\CSocketServer\CSocketServer_PumpThread.Cpp">
      <Filter>Classes &amp; Libraries\CSocketServer</Filter>
    </ClCompile>
    <ClCompile Include="..\..\CSocketServer\CSocketServer_Receive.Cpp">
      <Filter>Classes &amp; Libraries\CSocketServer</Filter>
    </ClCompile>
    <ClCompile Include="..\..\CSocketServer\CSocketServer_Send.Cpp">
      <Filter>Classes &amp; Libraries\CSocketServer</Filter>
    </ClCompile>
    <ClCompile Include="..\..\CSocketServer\CSocketServer_StartStop.Cpp">
      <Filter>Classes &amp; Libraries\CSocketServer</Filter>
    </ClCompile>
    <ClCompile Include="..\..\CSocketServer\CSocketServer_Utilities.Cpp">
      <Filter>Classes &amp; Libraries\CSocketServer</Filter>
    </ClCompile>
    <ClCompile Include="..\..\CSocketServer\CSocketServer_WSAInterface.Cpp">
      <Filter>Classes &amp; Libraries\CSocketServer</Filter>
    </ClCompile>
  </ItemGroup>
  <ItemGroup>
    <ClInclude Include="Source\Entry.H">
      <Filter>Source</Filter>
    </ClInclude>
    <ClInclude Include="Source\CEngine\CDebug.H">
      <Filter>Source\CEngine</Filter>
    </ClInclude>
    <ClInclude Include="Source\CEngine\CEngine.H">
      <Filter>Source\CEngine</Filter>
    </ClInclude>
    <ClInclude Include="Source\CEngine\CException.H">
      <Filter>Source\CEngine</Filter>
    </ClInclude>
    <ClInclude Include="Source\CEngine\CLines.H">
      <Filter>Source\CEngine</Filter>
    </ClInclude>
    <ClInclude Include="Source\CEngine\CParams.H">
      <Filter>Source\CEngine</Filter>
    </ClInclude>
    <ClInclude Include="Source\CEngine\CProcs.H">
      <Filter>Source\CEngine</Filter>
    </ClInclude>
    <ClInclude Include="Source\CEngine\CReqParams.H">
      <Filter>Source\CEngine</Filter>
    </ClInclude>
    <ClInclude Include="Source\CEngine\CScripts.H">
      <Filter>Source\CEngine</Filter>
    </ClInclude>
    <ClInclude Include="Source\CEngine\CState.H">
      <Filter>Source\CEngine</Filter>
    </ClInclude>
    <ClInclude Include="Source\CEngine\CVars.H">
      <Filter>Source\CEngine</Filter>
    </ClInclude>
    <ClInclude Include="Resources\resource.h">
      <Filter>Resources</Filter>
    </ClInclude>
    <ClInclude Include="Dialogs\NetLogoDlg.H">
      <Filter>Resources\Dialogs</Filter>
    </ClInclude>
    <ClInclude Include="Source\CEngine\Helpers.H">
      <Filter>Source\CEngine</Filter>
    </ClInclude>
    <ClInclude Include="Source\CEngine\CScriptTypes.H">
      <Filter>Source\CEngine</Filter>
    </ClInclude>
    <ClInclude Include="Source\CEngine\Inlines.H">
      <Filter>Source\CEngine</Filter>
    </ClInclude>
    <ClInclude Include="..\..\NSWFL\NSWFL.h">
      <Filter>Classes &amp; Libraries\NSWFL</Filter>
    </ClInclude>
    <ClInclude Include="..\..\NSWFL\NSWFL_Base64.h">
      <Filter>Classes &amp; Libraries\NSWFL</Filter>
    </ClInclude>
    <ClInclude Include="..\..\NSWFL\NSWFL_CommandLineParser.H">
      <Filter>Classes &amp; Libraries\NSWFL</Filter>
    </ClInclude>
    <ClInclude Include="..\..\NSWFL\NSWFL_Conversion.H">
      <Filter>Classes &amp; Libraries\NSWFL</Filter>
    </ClInclude>
    <ClInclude Include="..\..\NSWFL\NSWFL_CRC32.H">
      <Filter>Classes &amp; Libraries\NSWFL</Filter>
    </ClInclude>
    <ClInclude Include="..\..\NSWFL\NSWFL_DateTime.H">
      <Filter>Classes &amp; Libraries\NSWFL</Filter>
    </ClInclude>
    <ClInclude Include="..\..\NSWFL\NSWFL_Debug.H">
      <Filter>Classes &amp; Libraries\NSWFL</Filter>
    </ClInclude>
    <ClInclude Include="..\..\NSWFL\NSWFL_DictonaryString.H">
      <Filter>Classes &amp; Libraries\NSWFL</Filter>
    </ClInclude>
    <ClInclude Include="..\..\NSWFL\NSWFL_DictonaryT.H">
      <Filter>Classes &amp; Libraries\NSWFL</Filter>
    </ClInclude>
    <ClInclude Include="..\..\NSWFL\NSWFL_File.H">
      <Filter>Classes &amp; Libraries\NSWFL</Filter>
    </ClInclude>
    <ClInclude Include="..\..\NSWFL\NSWFL_Graphics.H">
      <Filter>Classes &amp; Libraries\NSWFL</Filter>
    </ClInclude>
    <ClInclude Include="..\..\NSWFL\NSWFL_HighPrecisionTimer.h">
      <Filter>Classes &amp; Libraries\NSWFL</Filter>
    </ClInclude>
    <ClInclude Include="..\..\NSWFL\NSWFL_InsecureInterface.H">
      <Filter>Classes &amp; Libraries\NSWFL</Filter>
    </ClInclude>
    <ClInclude Include="..\..\NSWFL\NSWFL_IntegerStack.H">
      <Filter>Classes &amp; Libraries\NSWFL</Filter>
    </ClInclude>
    <ClInclude Include="..\..\NSWFL\NSWFL_IsolationLock.h">
      <Filter>Classes &amp; Libraries\NSWFL</Filter>
    </ClInclude>
    <ClInclude Include="..\..\NSWFL\NSWFL_KeyGeneration.H">
      <Filter>Classes &amp; Libraries\NSWFL</Filter>
    </ClInclude>
    <ClInclude Include="..\..\NSWFL\NSWFL_ListBox.H">
      <Filter>Classes &amp; Libraries\NSWFL</Filter>
    </ClInclude>
    <ClInclude Include="..\..\NSWFL\NSWFL_ListView.H">
      <Filter>Classes &amp; Libraries\NSWFL</Filter>
    </ClInclude>
    <ClInclude Include="..\..\NSWFL\NSWFL_Math.H">
      <Filter>Classes &amp; Libraries\NSWFL</Filter>
    </ClInclude>
    <ClInclude Include="..\..\NSWFL\NSWFL_Memory.H">
      <Filter>Classes &amp; Libraries\NSWFL</Filter>
    </ClInclude>
    <ClInclude Include="..\..\NSWFL\NSWFL_MemoryPool.H">
      <Filter>Classes &amp; Libraries\NSWFL</Filter>
    </ClInclude>
    <ClInclude Include="..\..\NSWFL\NSWFL_Menu.H">
      <Filter>Classes &amp; Libraries\NSWFL</Filter>
    </ClInclude>
    <ClInclude Include="..\..\NSWFL\NSWFL_Queue.H">
      <Filter>Classes &amp; Libraries\NSWFL</Filter>
    </ClInclude>
    <ClInclude Include="..\..\NSWFL\NSWFL_Registry.H">
      <Filter>Classes &amp; Libraries\NSWFL</Filter>
    </ClInclude>
    <ClInclude Include="..\..\NSWFL\NSWFL_SHA1.h">
      <Filter>Classes &amp; Libraries\NSWFL</Filter>
    </ClInclude>
    <ClInclude Include="..\..\NSWFL\NSWFL_Stack.H">
      <Filter>Classes &amp; Libraries\NSWFL</Filter>
    </ClInclude>
    <ClInclude Include="..\..\NSWFL\NSWFL_String.H">
      <Filter>Classes &amp; Libraries\NSWFL</Filter>
    </ClInclude>
    <ClInclude Include="..\..\NSWFL\NSWFL_StringBuilder.H">
      <Filter>Classes &amp; Libraries\NSWFL</Filter>
    </ClInclude>
    <ClInclude Include="..\..\NSWFL\NSWFL_StringBuilderArray.H">
      <Filter>Classes &amp; Libraries\NSWFL</Filter>
    </ClInclude>
    <ClInclude Include="..\..\NSWFL\NSWFL_System.H">
      <Filter>Classes &amp; Libraries\NSWFL</Filter>
    </ClInclude>
    <ClInclude Include="..\..\NSWFL\NSWFL_Trace.H">
      <Filter>Classes &amp; Libraries\NSWFL</Filter>
    </ClInclude>
    <ClInclude Include="..\..\NSWFL\NSWFL_Types.H">
      <Filter>Classes &amp; Libraries\NSWFL</Filter>
    </ClInclude>
    <ClInclude Include="..\..\NSWFL\NSWFL_UIntegerStack.H">
      <Filter>Classes &amp; Libraries\NSWFL</Filter>
    </ClInclude>
    <ClInclude Include="..\..\NSWFL\NSWFL_URLEncoding.H">
      <Filter>Classes &amp; Libraries\NSWFL</Filter>
    </ClInclude>
    <ClInclude Include="..\..\NSWFL\NSWFL_VectorBinary.H">
      <Filter>Classes &amp; Libraries\NSWFL</Filter>
    </ClInclude>
    <ClInclude Include="..\..\NSWFL\NSWFL_VectorString.H">
      <Filter>Classes &amp; Libraries\NSWFL</Filter>
    </ClInclude>
    <ClInclude Include="..\..\NSWFL\NSWFL_VectorT.H">
      <Filter>Classes &amp; Libraries\NSWFL</Filter>
    </ClInclude>
    <ClInclude Include="..\..\NSWFL\NSWFL_Windows.H">
      <Filter>Classes &amp; Libraries\NSWFL</Filter>
    </ClInclude>
    <ClInclude Include="..\..\NSWFL\NSWFL_XML.H">
      <Filter>Classes &amp; Libraries\NSWFL</Filter>
    </ClInclude>
    <ClInclude Include="..\..\NSWFL\NSWFL_XMLReader.H">
      <Filter>Classes &amp; Libraries\NSWFL</Filter>
    </ClInclude>
    <ClInclude Include="..\..\NSWFL\NSWFL_XMLWriter.H">
      <Filter>Classes &amp; Libraries\NSWFL</Filter>
    </ClInclude>
    <ClInclude Include="..\..\CMathParser\CMathParser.h">
      <Filter>Classes &amp; Libraries\CMathParser</Filter>
    </ClInclude>
    <ClInclude Include="..\..\CSQLBinding\CBoundRecordSet.h">
      <Filter>Classes &amp; Libraries\CSQLBinding</Filter>
    </ClInclude>
    <ClInclude Include="..\..\CSQLBinding\CRecordSet.h">
      <Filter>Classes &amp; Libraries\CSQLBinding</Filter>
    </ClInclude>
    <ClInclude Include="..\..\CSQLBinding\CSQL.h">
      <Filter>Classes &amp; Libraries\CSQLBinding</Filter>
    </ClInclude>
    <ClInclude Include="..\..\CSQLBinding\CSQLEncapsulation.H">
      <Filter>Classes &amp; Libraries\CSQLBinding</Filter>
    </ClInclude>
    <ClInclude Include="..\..\CSQLBinding\CSQLValue.h">
      <Filter>Classes &amp; Libraries\CSQLBinding</Filter>
    </ClInclude>
    <ClInclude Include="..\..\CSocketServer\CSocketServer.H">
      <Filter>Classes &amp; Libraries\CSocketServer</Filter>
    </ClInclude>
  </ItemGroup>
  <ItemGroup>
    <None Include="Resources\HandCur.cur">
      <Filter>Resources</Filter>
    </None>
    <None Include="Resources\SSE.ico">
      <Filter>Resources</Filter>
    </None>
    <None Include="Resources\SSEProject.ico">
      <Filter>Resources</Filter>
    </None>
    <None Include="..\..\NSWFL\.gitignore">
      <Filter>Classes &amp; Libraries\NSWFL</Filter>
    </None>
    <None Include="..\..\NSWFL\LICENSE">
      <Filter>Classes &amp; Libraries\NSWFL</Filter>
    </None>
    <None Include="..\..\NSWFL\README.md">
      <Filter>Classes &amp; Libraries\NSWFL</Filter>
    </None>
    <None Include="..\..\CMathParser\LICENSE">
      <Filter>Classes &amp; Libraries\CMathParser</Filter>
    </None>
    <None Include="..\..\CMathParser\README.md">
      <Filter>Classes &amp; Libraries\CMathParser</Filter>
    </None>
    <None Include="..\..\CSQLBinding\C type identifier.htm">
      <Filter>Classes &amp; Libraries\CSQLBinding</Filter>
    </None>
    <None Include="..\..\CSQLBinding\LICENSE">
      <Filter>Classes &amp; Libraries\CSQLBinding</Filter>
    </None>
    <None Include="..\..\CSQLBinding\README.md">
      <Filter>Classes &amp; Libraries\CSQLBinding</Filter>
    </None>
    <None Include="..\..\CSocketServer\LICENSE">
      <Filter>Classes &amp; Libraries\CSocketServer</Filter>
    </None>
    <None Include="..\..\CSocketServer\README.md">
      <Filter>Classes &amp; Libraries\CSocketServer</Filter>
    </None>
  </ItemGroup>
  <ItemGroup>
    <ResourceCompile Include="Resources\SSE.rc">
      <Filter>Resources</Filter>
    </ResourceCompile>
  </ItemGroup>
  <ItemGroup>
    <Text Include="..\..\CMathParser\Information.txt">
      <Filter>Classes &amp; Libraries\CMathParser</Filter>
    </Text>
    <Text Include="..\..\CSocketServer\Event Handlers.txt">
      <Filter>Classes &amp; Libraries\CSocketServer</Filter>
    </Text>
  </ItemGroup>
</Project>